<Solution>
  <Folder Name="/src/">
    <Project Path="src/BuildingBlocks/FlexAgent.CanonicalJson/FlexAgent.CanonicalJson.csproj" />
    <Project Path="src/BuildingBlocks/FlexAgent.Contracts/FlexAgent.Contracts.csproj" />
    <Project Path="src/Hosts/FlexAgent.Api/FlexAgent.Api.csproj" />
    <Project Path="src/Hosts/FlexAgent.Worker/FlexAgent.Worker.csproj" />
    <Project Path="src/Infrastructure/FlexAgent.Postgres/FlexAgent.Postgres.csproj" />
    <Project Path="src/Modules/Configuration/FlexAgent.Configuration/FlexAgent.Configuration.csproj" />
    <Project Path="src/Modules/IdentityAccess/FlexAgent.IdentityAccess/FlexAgent.IdentityAccess.csproj" />
    <Project Path="src/Modules/Sessions/FlexAgent.Sessions/FlexAgent.Sessions.csproj" />
    <Project Path="src/Modules/SyntheticBrowser/FlexAgent.SyntheticBrowser/FlexAgent.SyntheticBrowser.csproj" />
  </Folder>
  <Folder Name="/tests/">
    <Project Path="tests/Architecture/FlexAgent.Architecture.Tests/FlexAgent.Architecture.Tests.csproj" />
    <Project Path="tests/CanonicalJson/FlexAgent.CanonicalJson.Tests/FlexAgent.CanonicalJson.Tests.csproj" />
    <Project Path="tests/Contract/FlexAgent.Contract.Tests/FlexAgent.Contract.Tests.csproj" />
    <Project Path="tests/Integration/FlexAgent.Postgres.Integration.Tests/FlexAgent.Postgres.Integration.Tests.csproj" />
    <Project Path="tests/Runtime/FlexAgent.Runtime.Tests/FlexAgent.Runtime.Tests.csproj" />
    <Project Path="tests/Sessions/FlexAgent.Sessions.Tests/FlexAgent.Sessions.Tests.csproj" />
  </Folder>
</Solution>
