{
  "version": 2,
  "dependencies": {
    "net10.0": {
      "Dapper": {
        "type": "Direct",
        "requested": "[2.1.79, )",
        "resolved": "2.1.79",
        "contentHash": "8YijbzgTfmqmQOnVNorYM6K++pxqnW3nJ4aC1sRHzxUA2CcuoJ9gsTem3kgBnPRMc38zZHl4Esb6hAezXIEEuw=="
      },
      "AWSSDK.Core": {
        "type": "Transitive",
        "resolved": "4.0.102",
        "contentHash": "sjkYreyNPlYTnAxdnqd3MBoeTNZHXOzV9lKULS5VAn+6MJIqu87aZLlm56KhDANOBXRxwDJIW668ZlsFhaB6Zw=="
      },
      "Humanizer.Core": {
        "type": "Transitive",
        "resolved": "3.0.10",
        "contentHash": "yZIhtw8sYuvsONzQbZxWpR60tMWYHXoo0DL6nyOqSFiU5POjBTSEyWFpTQtJEZuy+oqiYTXKXY/Mjx7KnqIQFw=="
      },
      "Json.More.Net": {
        "type": "Transitive",
        "resolved": "3.0.1",
        "contentHash": "fRctF2J2SILYG6wqP21drmeEODmCVkVQ/b3MndDu2fT1swfySyUgq7ePCk+aENGlDcIm05fyfjh9vcuqDEfv3w=="
      },
      "JsonPointer.Net": {
        "type": "Transitive",
        "resolved": "7.0.2",
        "contentHash": "oClYHv2ooeRrtPZyC9sb/Za/ie5pGhjTbNHlAyFg4XOCyU+606FdoZKS7UdaWvtsPlrF+U2w0Ja3TRvn5+spyA==",
        "dependencies": {
          "Humanizer.Core": "3.0.10",
          "Json.More.Net": "3.0.1"
        }
      },
      "flexagent.assessmentconfiguration": {
        "type": "Project",
        "dependencies": {
          "FlexAgent.CanonicalJson": "[1.0.0, )",
          "FlexAgent.IdentityAccess": "[1.0.0, )"
        }
      },
      "flexagent.assessmentconfiguration.infrastructure": {
        "type": "Project",
        "dependencies": {
          "Dapper": "[2.1.79, )",
          "FlexAgent.AssessmentConfiguration": "[1.0.0, )",
          "FlexAgent.Configuration": "[1.0.0, )",
          "FlexAgent.IdentityAccess": "[1.0.0, )",
          "FlexAgent.Postgres": "[1.0.0, )",
          "Npgsql": "[10.0.3, )"
        }
      },
      "flexagent.canonicaljson": {
        "type": "Project"
      },
      "flexagent.configuration": {
        "type": "Project",
        "dependencies": {
          "FlexAgent.CanonicalJson": "[1.0.0, )",
          "FlexAgent.IdentityAccess": "[1.0.0, )",
          "FlexAgent.Postgres": "[1.0.0, )"
        }
      },
      "flexagent.contracts": {
        "type": "Project"
      },
      "flexagent.identityaccess": {
        "type": "Project",
        "dependencies": {
          "FlexAgent.Postgres": "[1.0.0, )"
        }
      },
      "flexagent.postgres": {
        "type": "Project",
        "dependencies": {
          "Dapper": "[2.1.79, )",
          "Npgsql": "[10.0.3, )"
        }
      },
      "flexagent.sessions": {
        "type": "Project",
        "dependencies": {
          "FlexAgent.CanonicalJson": "[1.0.0, )",
          "JsonSchema.Net": "[9.4.0, )"
        }
      },
      "flexagent.sessions.infrastructure": {
        "type": "Project",
        "dependencies": {
          "FlexAgent.IdentityAccess": "[1.0.0, )",
          "FlexAgent.Postgres": "[1.0.0, )",
          "FlexAgent.Sessions": "[1.0.0, )"
        }
      },
      "flexagent.submissions": {
        "type": "Project",
        "dependencies": {
          "FlexAgent.AssessmentConfiguration": "[1.0.0, )",
          "FlexAgent.CanonicalJson": "[1.0.0, )",
          "FlexAgent.IdentityAccess": "[1.0.0, )"
        }
      },
      "flexagent.submissions.infrastructure": {
        "type": "Project",
        "dependencies": {
          "AWSSDK.S3": "[4.0.102.3, )",
          "Dapper": "[2.1.79, )",
          "FlexAgent.AssessmentConfiguration": "[1.0.0, )",
          "FlexAgent.IdentityAccess": "[1.0.0, )",
          "FlexAgent.Postgres": "[1.0.0, )",
          "FlexAgent.Submissions": "[1.0.0, )",
          "Npgsql": "[10.0.3, )"
        }
      },
      "flexagent.syntheticbrowser": {
        "type": "Project",
        "dependencies": {
          "FlexAgent.Contracts": "[1.0.0, )"
        }
      },
      "AWSSDK.S3": {
        "type": "CentralTransitive",
        "requested": "[4.0.102.3, )",
        "resolved": "4.0.102.3",
        "contentHash": "3UBPFahEW62lNqHutA94if/9YguOXswDkz+CMh8fo3qCl7PUdynwSEvE0rhHnRPok0rDkDEDpwddfk7h8Mg0gw==",
        "dependencies": {
          "AWSSDK.Core": "[4.0.102, 5.0.0)"
        }
      },
      "JsonSchema.Net": {
        "type": "CentralTransitive",
        "requested": "[9.4.0, )",
        "resolved": "9.4.0",
        "contentHash": "muE4nPuzbD9x5XA1mkXJNqX4mhz47oF3EY8qFLY1pyUY7lhXFKq65t/dSKIHeNSLBV17zwZuq24MD1em90rMNg==",
        "dependencies": {
          "JsonPointer.Net": "7.0.2"
        }
      },
      "Npgsql": {
        "type": "CentralTransitive",
        "requested": "[10.0.3, )",
        "resolved": "10.0.3",
        "contentHash": "7nb5YzXuvWWJxB0J8DiyL3we+X4FOctZrt0fIBnucOIaIevFEEwGQVZKtiu9olXdlNAK1eNgqSral6r/jlhI4w=="
      }
    }
  }
}